
Microsoft Visual Studio Solution File, Format Version 12.00
# Visual Studio Version 17
VisualStudioVersion = 17.6.33801.468
MinimumVisualStudioVersion = 10.0.40219.1
Project("{9A19103F-16F7-4668-BE54-9A1E7A4F7556}") = "Web.API.AnimeReleaseDate", "Web.API.AnimeReleaseDate\Web.API.AnimeReleaseDate.csproj", "{EEC2AFB0-91E8-4F36-8D74-866B08D378F5}"
EndProject
Project("{FAE04EC0-301F-11D3-BF4B-00C04F79EFBC}") = "Web.Release.WebScraper", "Web.Release.WebScraper\Web.Release.WebScraper.csproj", "{5D8DBEC9-BC12-4F6B-991D-BA06DCF3867B}"
EndProject
Global
	GlobalSection(SolutionConfigurationPlatforms) = preSolution
		Debug|Any CPU = Debug|Any CPU
		Release|Any CPU = Release|Any CPU
	EndGlobalSection
	GlobalSection(ProjectConfigurationPlatforms) = postSolution
		{EEC2AFB0-91E8-4F36-8D74-866B08D378F5}.Debug|Any CPU.ActiveCfg = Debug|Any CPU
		{EEC2AFB0-91E8-4F36-8D74-866B08D378F5}.Debug|Any CPU.Build.0 = Debug|Any CPU
		{EEC2AFB0-91E8-4F36-8D74-866B08D378F5}.Release|Any CPU.ActiveCfg = Release|Any CPU
		{EEC2AFB0-91E8-4F36-8D74-866B08D378F5}.Release|Any CPU.Build.0 = Release|Any CPU
		{5D8DBEC9-BC12-4F6B-991D-BA06DCF3867B}.Debug|Any CPU.ActiveCfg = Debug|Any CPU
		{5D8DBEC9-BC12-4F6B-991D-BA06DCF3867B}.Debug|Any CPU.Build.0 = Debug|Any CPU
		{5D8DBEC9-BC12-4F6B-991D-BA06DCF3867B}.Release|Any CPU.ActiveCfg = Release|Any CPU
		{5D8DBEC9-BC12-4F6B-991D-BA06DCF3867B}.Release|Any CPU.Build.0 = Release|Any CPU
	EndGlobalSection
	GlobalSection(SolutionProperties) = preSolution
		HideSolutionNode = FALSE
	EndGlobalSection
	GlobalSection(ExtensibilityGlobals) = postSolution
		SolutionGuid = {6E7A7A36-BD39-4270-8699-107E98DA6E9C}
	EndGlobalSection
EndGlobal
